
Microsoft Visual Studio Solution File, Format Version 12.00
# Visual Studio 2012
Project("{FAE04EC0-301F-11D3-BF4B-00C04F79EFBC}") = "ALMTools.Build", "ALMTools.Build\ALMTools.Build.csproj", "{1D3E0C39-292F-4D96-81AE-E797525C3C62}"
EndProject
Project("{FAE04EC0-301F-11D3-BF4B-00C04F79EFBC}") = "ALMTools.Test", "ALMTools.Test\ALMTools.Test.csproj", "{0C01EB25-7BED-4CE7-884E-0CFA9412A2F7}"
EndProject
Project("{2150E333-8FDC-42A3-9474-1A3956D46DE8}") = "Tests", "Tests", "{4F228E26-A815-4B8C-B001-D51CBC18A19A}"
EndProject
Project("{FAE04EC0-301F-11D3-BF4B-00C04F79EFBC}") = "ALMTools.Build.Tests", "ALMTools.Build.Tests\ALMTools.Build.Tests.csproj", "{95DC2242-E27F-4811-87D1-4CED0DC3AD81}"
EndProject
Project("{FAE04EC0-301F-11D3-BF4B-00C04F79EFBC}") = "ALMTools.Test.Tests", "ALMTools.Test.Tests\ALMTools.Test.Tests.csproj", "{9073501C-2EFB-43A9-B4D2-5D42928B6FE8}"
EndProject
Project("{FAE04EC0-301F-11D3-BF4B-00C04F79EFBC}") = "ALMTools.Documentation", "ALMTools.Documentation\ALMTools.Documentation.csproj", "{9CD362AC-1CBD-4617-9F45-DCC06FF88917}"
EndProject
Project("{FAE04EC0-301F-11D3-BF4B-00C04F79EFBC}") = "ALMTools.Documentation.Tests", "ALMTools.Documentation.Tests\ALMTools.Documentation.Tests.csproj", "{AFDBCB88-B453-4427-BAAB-8428E02FE3B8}"
EndProject
Project("{FAE04EC0-301F-11D3-BF4B-00C04F79EFBC}") = "ALMTools.TFS", "ALMTools.TFS\ALMTools.TFS.csproj", "{148E18CB-CCF2-4583-B3EC-897C84E086CD}"
EndProject
Project("{FAE04EC0-301F-11D3-BF4B-00C04F79EFBC}") = "ALMTools.TFS.Tests", "ALMTools.TFS.Tests\ALMTools.TFS.Tests.csproj", "{37A38043-9246-4CF1-98B5-88EF0B0C2FBE}"
EndProject
Project("{2150E333-8FDC-42A3-9474-1A3956D46DE8}") = ".nuget", ".nuget", "{7CD4DDED-C454-4EBF-AEA0-693797EDAF7F}"
	ProjectSection(SolutionItems) = preProject
		.nuget\NuGet.Config = .nuget\NuGet.Config
		.nuget\NuGet.exe = .nuget\NuGet.exe
		.nuget\NuGet.targets = .nuget\NuGet.targets
	EndProjectSection
EndProject
Global
	GlobalSection(SolutionConfigurationPlatforms) = preSolution
		Debug|Any CPU = Debug|Any CPU
		Release|Any CPU = Release|Any CPU
	EndGlobalSection
	GlobalSection(ProjectConfigurationPlatforms) = postSolution
		{1D3E0C39-292F-4D96-81AE-E797525C3C62}.Debug|Any CPU.ActiveCfg = Debug|Any CPU
		{1D3E0C39-292F-4D96-81AE-E797525C3C62}.Debug|Any CPU.Build.0 = Debug|Any CPU
		{1D3E0C39-292F-4D96-81AE-E797525C3C62}.Release|Any CPU.ActiveCfg = Release|Any CPU
		{1D3E0C39-292F-4D96-81AE-E797525C3C62}.Release|Any CPU.Build.0 = Release|Any CPU
		{0C01EB25-7BED-4CE7-884E-0CFA9412A2F7}.Debug|Any CPU.ActiveCfg = Debug|Any CPU
		{0C01EB25-7BED-4CE7-884E-0CFA9412A2F7}.Debug|Any CPU.Build.0 = Debug|Any CPU
		{0C01EB25-7BED-4CE7-884E-0CFA9412A2F7}.Release|Any CPU.ActiveCfg = Release|Any CPU
		{0C01EB25-7BED-4CE7-884E-0CFA9412A2F7}.Release|Any CPU.Build.0 = Release|Any CPU
		{95DC2242-E27F-4811-87D1-4CED0DC3AD81}.Debug|Any CPU.ActiveCfg = Debug|Any CPU
		{95DC2242-E27F-4811-87D1-4CED0DC3AD81}.Debug|Any CPU.Build.0 = Debug|Any CPU
		{95DC2242-E27F-4811-87D1-4CED0DC3AD81}.Release|Any CPU.ActiveCfg = Release|Any CPU
		{9073501C-2EFB-43A9-B4D2-5D42928B6FE8}.Debug|Any CPU.ActiveCfg = Debug|Any CPU
		{9073501C-2EFB-43A9-B4D2-5D42928B6FE8}.Debug|Any CPU.Build.0 = Debug|Any CPU
		{9073501C-2EFB-43A9-B4D2-5D42928B6FE8}.Release|Any CPU.ActiveCfg = Release|Any CPU
		{9CD362AC-1CBD-4617-9F45-DCC06FF88917}.Debug|Any CPU.ActiveCfg = Debug|Any CPU
		{9CD362AC-1CBD-4617-9F45-DCC06FF88917}.Debug|Any CPU.Build.0 = Debug|Any CPU
		{9CD362AC-1CBD-4617-9F45-DCC06FF88917}.Release|Any CPU.ActiveCfg = Release|Any CPU
		{9CD362AC-1CBD-4617-9F45-DCC06FF88917}.Release|Any CPU.Build.0 = Release|Any CPU
		{AFDBCB88-B453-4427-BAAB-8428E02FE3B8}.Debug|Any CPU.ActiveCfg = Debug|Any CPU
		{AFDBCB88-B453-4427-BAAB-8428E02FE3B8}.Debug|Any CPU.Build.0 = Debug|Any CPU
		{AFDBCB88-B453-4427-BAAB-8428E02FE3B8}.Release|Any CPU.ActiveCfg = Release|Any CPU
		{148E18CB-CCF2-4583-B3EC-897C84E086CD}.Debug|Any CPU.ActiveCfg = Debug|Any CPU
		{148E18CB-CCF2-4583-B3EC-897C84E086CD}.Debug|Any CPU.Build.0 = Debug|Any CPU
		{148E18CB-CCF2-4583-B3EC-897C84E086CD}.Release|Any CPU.ActiveCfg = Release|Any CPU
		{148E18CB-CCF2-4583-B3EC-897C84E086CD}.Release|Any CPU.Build.0 = Release|Any CPU
		{37A38043-9246-4CF1-98B5-88EF0B0C2FBE}.Debug|Any CPU.ActiveCfg = Debug|Any CPU
		{37A38043-9246-4CF1-98B5-88EF0B0C2FBE}.Debug|Any CPU.Build.0 = Debug|Any CPU
		{37A38043-9246-4CF1-98B5-88EF0B0C2FBE}.Release|Any CPU.ActiveCfg = Release|Any CPU
	EndGlobalSection
	GlobalSection(SolutionProperties) = preSolution
		HideSolutionNode = FALSE
	EndGlobalSection
	GlobalSection(NestedProjects) = preSolution
		{95DC2242-E27F-4811-87D1-4CED0DC3AD81} = {4F228E26-A815-4B8C-B001-D51CBC18A19A}
		{9073501C-2EFB-43A9-B4D2-5D42928B6FE8} = {4F228E26-A815-4B8C-B001-D51CBC18A19A}
		{AFDBCB88-B453-4427-BAAB-8428E02FE3B8} = {4F228E26-A815-4B8C-B001-D51CBC18A19A}
		{37A38043-9246-4CF1-98B5-88EF0B0C2FBE} = {4F228E26-A815-4B8C-B001-D51CBC18A19A}
	EndGlobalSection
EndGlobal
